// !$*UTF8*$!
{
	archiveVersion = 1;
	classes = {
	};
	objectVersion = 46;
	objects = {

/* Begin PBXBuildFile section */
		1E1AD7001C6ABFBF008AB670 /* IntroNavigationController.swift in Sources */ = {isa = PBXBuildFile; fileRef = 1E1AD6FF1C6ABFBF008AB670 /* IntroNavigationController.swift */; };
		1E2F60AB1C68FA570005C58E /* WelcomeViewController.swift in Sources */ = {isa = PBXBuildFile; fileRef = 1E2F60AA1C68FA570005C58E /* WelcomeViewController.swift */; };
		1E2F60AD1C6907630005C58E /* TimelineViewController.swift in Sources */ = {isa = PBXBuildFile; fileRef = 1E2F60AC1C6907630005C58E /* TimelineViewController.swift */; };
		1E2F60AF1C6908FE0005C58E /* ConversationsViewController.swift in Sources */ = {isa = PBXBuildFile; fileRef = 1E2F60AE1C6908FE0005C58E /* ConversationsViewController.swift */; };
		1E2F60B11C6909080005C58E /* SettingsViewController.swift in Sources */ = {isa = PBXBuildFile; fileRef = 1E2F60B01C6909080005C58E /* SettingsViewController.swift */; };
		1E9658E21C67CBD100C5BFCF /* AppDelegate.swift in Sources */ = {isa = PBXBuildFile; fileRef = 1E9658E11C67CBD100C5BFCF /* AppDelegate.swift */; };
		1E9658E41C67CBD100C5BFCF /* ViewController.swift in Sources */ = {isa = PBXBuildFile; fileRef = 1E9658E31C67CBD100C5BFCF /* ViewController.swift */; };
		1E9658E71C67CBD100C5BFCF /* Main.storyboard in Resources */ = {isa = PBXBuildFile; fileRef = 1E9658E51C67CBD100C5BFCF /* Main.storyboard */; };
		1E9658E91C67CBD100C5BFCF /* Assets.xcassets in Resources */ = {isa = PBXBuildFile; fileRef = 1E9658E81C67CBD100C5BFCF /* Assets.xcassets */; };
		1E9658EC1C67CBD100C5BFCF /* LaunchScreen.storyboard in Resources */ = {isa = PBXBuildFile; fileRef = 1E9658EA1C67CBD100C5BFCF /* LaunchScreen.storyboard */; };
		1E9658F71C67CBD200C5BFCF /* Week2CarouselTests.swift in Sources */ = {isa = PBXBuildFile; fileRef = 1E9658F61C67CBD200C5BFCF /* Week2CarouselTests.swift */; };
		1E9659021C67CBD200C5BFCF /* Week2CarouselUITests.swift in Sources */ = {isa = PBXBuildFile; fileRef = 1E9659011C67CBD200C5BFCF /* Week2CarouselUITests.swift */; };
		1E9659101C67CCEB00C5BFCF /* Common.swift in Sources */ = {isa = PBXBuildFile; fileRef = 1E96590F1C67CCEB00C5BFCF /* Common.swift */; };
		1E9659121C67CD6A00C5BFCF /* IntroViewController.swift in Sources */ = {isa = PBXBuildFile; fileRef = 1E9659111C67CD6A00C5BFCF /* IntroViewController.swift */; };
		1E9659151C67D71B00C5BFCF /* LoginViewController.swift in Sources */ = {isa = PBXBuildFile; fileRef = 1E9659141C67D71B00C5BFCF /* LoginViewController.swift */; };
		1EC929FC1C6A516900B2DEF0 /* CreateViewController.swift in Sources */ = {isa = PBXBuildFile; fileRef = 1EC929FB1C6A516900B2DEF0 /* CreateViewController.swift */; };
/* End PBXBuildFile section */

/* Begin PBXContainerItemProxy section */
		1E9658F31C67CBD200C5BFCF /* PBXContainerItemProxy */ = {
			isa = PBXContainerItemProxy;
			containerPortal = 1E9658D61C67CBD100C5BFCF /* Project object */;
			proxyType = 1;
			remoteGlobalIDString = 1E9658DD1C67CBD100C5BFCF;
			remoteInfo = Week2Carousel;
		};
		1E9658FE1C67CBD200C5BFCF /* PBXContainerItemProxy */ = {
			isa = PBXContainerItemProxy;
			containerPortal = 1E9658D61C67CBD100C5BFCF /* Project object */;
			proxyType = 1;
			remoteGlobalIDString = 1E9658DD1C67CBD100C5BFCF;
			remoteInfo = Week2Carousel;
		};
/* End PBXContainerItemProxy section */

/* Begin PBXFileReference section */
		1E1AD6FF1C6ABFBF008AB670 /* IntroNavigationController.swift */ = {isa = PBXFileReference; fileEncoding = 4; lastKnownFileType = sourcecode.swift; path = IntroNavigationController.swift; sourceTree = "<group>"; };
		1E2F60AA1C68FA570005C58E /* WelcomeViewController.swift */ = {isa = PBXFileReference; fileEncoding = 4; lastKnownFileType = sourcecode.swift; path = WelcomeViewController.swift; sourceTree = "<group>"; };
		1E2F60AC1C6907630005C58E /* TimelineViewController.swift */ = {isa = PBXFileReference; fileEncoding = 4; lastKnownFileType = sourcecode.swift; name = TimelineViewController.swift; path = ../TimelineViewController.swift; sourceTree = "<group>"; };
		1E2F60AE1C6908FE0005C58E /* ConversationsViewController.swift */ = {isa = PBXFileReference; fileEncoding = 4; lastKnownFileType = sourcecode.swift; path = ConversationsViewController.swift; sourceTree = "<group>"; };
		1E2F60B01C6909080005C58E /* SettingsViewController.swift */ = {isa = PBXFileReference; fileEncoding = 4; lastKnownFileType = sourcecode.swift; path = SettingsViewController.swift; sourceTree = "<group>"; };
		1E9658DE1C67CBD100C5BFCF /* Week2Carousel.app */ = {isa = PBXFileReference; explicitFileType = wrapper.application; includeInIndex = 0; path = Week2Carousel.app; sourceTree = BUILT_PRODUCTS_DIR; };
		1E9658E11C67CBD100C5BFCF /* AppDelegate.swift */ = {isa = PBXFileReference; lastKnownFileType = sourcecode.swift; path = AppDelegate.swift; sourceTree = "<group>"; };
		1E9658E31C67CBD100C5BFCF /* ViewController.swift */ = {isa = PBXFileReference; lastKnownFileType = sourcecode.swift; path = ViewController.swift; sourceTree = "<group>"; };
		1E9658E61C67CBD100C5BFCF /* Base */ = {isa = PBXFileReference; lastKnownFileType = file.storyboard; name = Base; path = Base.lproj/Main.storyboard; sourceTree = "<group>"; };
		1E9658E81C67CBD100C5BFCF /* Assets.xcassets */ = {isa = PBXFileReference; lastKnownFileType = folder.assetcatalog; path = Assets.xcassets; sourceTree = "<group>"; };
		1E9658EB1C67CBD100C5BFCF /* Base */ = {isa = PBXFileReference; lastKnownFileType = file.storyboard; name = Base; path = Base.lproj/LaunchScreen.storyboard; sourceTree = "<group>"; };
		1E9658ED1C67CBD100C5BFCF /* Info.plist */ = {isa = PBXFileReference; lastKnownFileType = text.plist.xml; path = Info.plist; sourceTree = "<group>"; };
		1E9658F21C67CBD200C5BFCF /* Week2CarouselTests.xctest */ = {isa = PBXFileReference; explicitFileType = wrapper.cfbundle; includeInIndex = 0; path = Week2CarouselTests.xctest; sourceTree = BUILT_PRODUCTS_DIR; };
		1E9658F61C67CBD200C5BFCF /* Week2CarouselTests.swift */ = {isa = PBXFileReference; lastKnownFileType = sourcecode.swift; path = Week2CarouselTests.swift; sourceTree = "<group>"; };
		1E9658F81C67CBD200C5BFCF /* Info.plist */ = {isa = PBXFileReference; lastKnownFileType = text.plist.xml; path = Info.plist; sourceTree = "<group>"; };
		1E9658FD1C67CBD200C5BFCF /* Week2CarouselUITests.xctest */ = {isa = PBXFileReference; explicitFileType = wrapper.cfbundle; includeInIndex = 0; path = Week2CarouselUITests.xctest; sourceTree = BUILT_PRODUCTS_DIR; };
		1E9659011C67CBD200C5BFCF /* Week2CarouselUITests.swift */ = {isa = PBXFileReference; lastKnownFileType = sourcecode.swift; path = Week2CarouselUITests.swift; sourceTree = "<group>"; };
		1E9659031C67CBD200C5BFCF /* Info.plist */ = {isa = PBXFileReference; lastKnownFileType = text.plist.xml; path = Info.plist; sourceTree = "<group>"; };
		1E96590F1C67CCEB00C5BFCF /* Common.swift */ = {isa = PBXFileReference; fileEncoding = 4; lastKnownFileType = sourcecode.swift; path = Common.swift; sourceTree = "<group>"; };
		1E9659111C67CD6A00C5BFCF /* IntroViewController.swift */ = {isa = PBXFileReference; fileEncoding = 4; lastKnownFileType = sourcecode.swift; path = IntroViewController.swift; sourceTree = "<group>"; };
		1E9659141C67D71B00C5BFCF /* LoginViewController.swift */ = {isa = PBXFileReference; fileEncoding = 4; lastKnownFileType = sourcecode.swift; path = LoginViewController.swift; sourceTree = "<group>"; };
		1EC929FB1C6A516900B2DEF0 /* CreateViewController.swift */ = {isa = PBXFileReference; fileEncoding = 4; lastKnownFileType = sourcecode.swift; name = CreateViewController.swift; path = ../CreateViewController.swift; sourceTree = "<group>"; };
/* End PBXFileReference section */

/* Begin PBXFrameworksBuildPhase section */
		1E9658DB1C67CBD100C5BFCF /* Frameworks */ = {
			isa = PBXFrameworksBuildPhase;
			buildActionMask = 2147483647;
			files = (
			);
			runOnlyForDeploymentPostprocessing = 0;
		};
		1E9658EF1C67CBD200C5BFCF /* Frameworks */ = {
			isa = PBXFrameworksBuildPhase;
			buildActionMask = 2147483647;
			files = (
			);
			runOnlyForDeploymentPostprocessing = 0;
		};
		1E9658FA1C67CBD200C5BFCF /* Frameworks */ = {
			isa = PBXFrameworksBuildPhase;
			buildActionMask = 2147483647;
			files = (
			);
			runOnlyForDeploymentPostprocessing = 0;
		};
/* End PBXFrameworksBuildPhase section */

/* Begin PBXGroup section */
		1E1AD7011C6ABFC8008AB670 /* Navigation Controllers */ = {
			isa = PBXGroup;
			children = (
				1E1AD6FF1C6ABFBF008AB670 /* IntroNavigationController.swift */,
			);
			name = "Navigation Controllers";
			sourceTree = "<group>";
		};
		1E9658D51C67CBD100C5BFCF = {
			isa = PBXGroup;
			children = (
				1E9658E01C67CBD100C5BFCF /* Week2Carousel */,
				1E9658F51C67CBD200C5BFCF /* Week2CarouselTests */,
				1E9659001C67CBD200C5BFCF /* Week2CarouselUITests */,
				1E9658DF1C67CBD100C5BFCF /* Products */,
			);
			sourceTree = "<group>";
		};
		1E9658DF1C67CBD100C5BFCF /* Products */ = {
			isa = PBXGroup;
			children = (
				1E9658DE1C67CBD100C5BFCF /* Week2Carousel.app */,
				1E9658F21C67CBD200C5BFCF /* Week2CarouselTests.xctest */,
				1E9658FD1C67CBD200C5BFCF /* Week2CarouselUITests.xctest */,
			);
			name = Products;
			sourceTree = "<group>";
		};
		1E9658E01C67CBD100C5BFCF /* Week2Carousel */ = {
			isa = PBXGroup;
			children = (
				1E9658E11C67CBD100C5BFCF /* AppDelegate.swift */,
				1E96590F1C67CCEB00C5BFCF /* Common.swift */,
				1E9658E31C67CBD100C5BFCF /* ViewController.swift */,
				1E9658E51C67CBD100C5BFCF /* Main.storyboard */,
				1E1AD7011C6ABFC8008AB670 /* Navigation Controllers */,
				1E9659131C67CD7600C5BFCF /* View Controllers */,
				1E9658E81C67CBD100C5BFCF /* Assets.xcassets */,
				1E9658EA1C67CBD100C5BFCF /* LaunchScreen.storyboard */,
				1E9658ED1C67CBD100C5BFCF /* Info.plist */,
			);
			path = Week2Carousel;
			sourceTree = "<group>";
		};
		1E9658F51C67CBD200C5BFCF /* Week2CarouselTests */ = {
			isa = PBXGroup;
			children = (
				1E9658F61C67CBD200C5BFCF /* Week2CarouselTests.swift */,
				1E9658F81C67CBD200C5BFCF /* Info.plist */,
			);
			path = Week2CarouselTests;
			sourceTree = "<group>";
		};
		1E9659001C67CBD200C5BFCF /* Week2CarouselUITests */ = {
			isa = PBXGroup;
			children = (
				1E9659011C67CBD200C5BFCF /* Week2CarouselUITests.swift */,
				1E9659031C67CBD200C5BFCF /* Info.plist */,
			);
			path = Week2CarouselUITests;
			sourceTree = "<group>";
		};
		1E9659131C67CD7600C5BFCF /* View Controllers */ = {
			isa = PBXGroup;
			children = (
				1E9659111C67CD6A00C5BFCF /* IntroViewController.swift */,
				1EC929FB1C6A516900B2DEF0 /* CreateViewController.swift */,
				1E9659141C67D71B00C5BFCF /* LoginViewController.swift */,
				1E2F60AA1C68FA570005C58E /* WelcomeViewController.swift */,
				1E2F60AC1C6907630005C58E /* TimelineViewController.swift */,
				1E2F60AE1C6908FE0005C58E /* ConversationsViewController.swift */,
				1E2F60B01C6909080005C58E /* SettingsViewController.swift */,
			);
			name = "View Controllers";
			sourceTree = "<group>";
		};
/* End PBXGroup section */

/* Begin PBXNativeTarget section */
		1E9658DD1C67CBD100C5BFCF /* Week2Carousel */ = {
			isa = PBXNativeTarget;
			buildConfigurationList = 1E9659061C67CBD200C5BFCF /* Build configuration list for PBXNativeTarget "Week2Carousel" */;
			buildPhases = (
				1E9658DA1C67CBD100C5BFCF /* Sources */,
				1E9658DB1C67CBD100C5BFCF /* Frameworks */,
				1E9658DC1C67CBD100C5BFCF /* Resources */,
			);
			buildRules = (
			);
			dependencies = (
			);
			name = Week2Carousel;
			productName = Week2Carousel;
			productReference = 1E9658DE1C67CBD100C5BFCF /* Week2Carousel.app */;
			productType = "com.apple.product-type.application";
		};
		1E9658F11C67CBD200C5BFCF /* Week2CarouselTests */ = {
			isa = PBXNativeTarget;
			buildConfigurationList = 1E9659091C67CBD200C5BFCF /* Build configuration list for PBXNativeTarget "Week2CarouselTests" */;
			buildPhases = (
				1E9658EE1C67CBD200C5BFCF /* Sources */,
				1E9658EF1C67CBD200C5BFCF /* Frameworks */,
				1E9658F01C67CBD200C5BFCF /* Resources */,
			);
			buildRules = (
			);
			dependencies = (
				1E9658F41C67CBD200C5BFCF /* PBXTargetDependency */,
			);
			name = Week2CarouselTests;
			productName = Week2CarouselTests;
			productReference = 1E9658F21C67CBD200C5BFCF /* Week2CarouselTests.xctest */;
			productType = "com.apple.product-type.bundle.unit-test";
		};
		1E9658FC1C67CBD200C5BFCF /* Week2CarouselUITests */ = {
			isa = PBXNativeTarget;
			buildConfigurationList = 1E96590C1C67CBD200C5BFCF /* Build configuration list for PBXNativeTarget "Week2CarouselUITests" */;
			buildPhases = (
				1E9658F91C67CBD200C5BFCF /* Sources */,
				1E9658FA1C67CBD200C5BFCF /* Frameworks */,
				1E9658FB1C67CBD200C5BFCF /* Resources */,
			);
			buildRules = (
			);
			dependencies = (
				1E9658FF1C67CBD200C5BFCF /* PBXTargetDependency */,
			);
			name = Week2CarouselUITests;
			productName = Week2CarouselUITests;
			productReference = 1E9658FD1C67CBD200C5BFCF /* Week2CarouselUITests.xctest */;
			productType = "com.apple.product-type.bundle.ui-testing";
		};
/* End PBXNativeTarget section */

/* Begin PBXProject section */
		1E9658D61C67CBD100C5BFCF /* Project object */ = {
			isa = PBXProject;
			attributes = {
				LastSwiftUpdateCheck = 0720;
				LastUpgradeCheck = 0720;
				ORGANIZATIONNAME = "Justin Peng";
				TargetAttributes = {
					1E9658DD1C67CBD100C5BFCF = {
						CreatedOnToolsVersion = 7.2;
						DevelopmentTeam = UCST3VC8L4;
					};
					1E9658F11C67CBD200C5BFCF = {
						CreatedOnToolsVersion = 7.2;
						DevelopmentTeam = UCST3VC8L4;
						TestTargetID = 1E9658DD1C67CBD100C5BFCF;
					};
					1E9658FC1C67CBD200C5BFCF = {
						CreatedOnToolsVersion = 7.2;
						DevelopmentTeam = UCST3VC8L4;
						TestTargetID = 1E9658DD1C67CBD100C5BFCF;
					};
				};
			};
			buildConfigurationList = 1E9658D91C67CBD100C5BFCF /* Build configuration list for PBXProject "Week2Carousel" */;
			compatibilityVersion = "Xcode 3.2";
			developmentRegion = English;
			hasScannedForEncodings = 0;
			knownRegions = (
				en,
				Base,
			);
			mainGroup = 1E9658D51C67CBD100C5BFCF;
			productRefGroup = 1E9658DF1C67CBD100C5BFCF /* Products */;
			projectDirPath = "";
			projectRoot = "";
			targets = (
				1E9658DD1C67CBD100C5BFCF /* Week2Carousel */,
				1E9658F11C67CBD200C5BFCF /* Week2CarouselTests */,
				1E9658FC1C67CBD200C5BFCF /* Week2CarouselUITests */,
			);
		};
/* End PBXProject section */

/* Begin PBXResourcesBuildPhase section */
		1E9658DC1C67CBD100C5BFCF /* Resources */ = {
			isa = PBXResourcesBuildPhase;
			buildActionMask = 2147483647;
			files = (
				1E9658EC1C67CBD100C5BFCF /* LaunchScreen.storyboard in Resources */,
				1E9658E91C67CBD100C5BFCF /* Assets.xcassets in Resources */,
				1E9658E71C67CBD100C5BFCF /* Main.storyboard in Resources */,
			);
			runOnlyForDeploymentPostprocessing = 0;
		};
		1E9658F01C67CBD200C5BFCF /* Resources */ = {
			isa = PBXResourcesBuildPhase;
			buildActionMask = 2147483647;
			files = (
			);
			runOnlyForDeploymentPostprocessing = 0;
		};
		1E9658FB1C67CBD200C5BFCF /* Resources */ = {
			isa = PBXResourcesBuildPhase;
			buildActionMask = 2147483647;
			files = (
			);
			runOnlyForDeploymentPostprocessing = 0;
		};
/* End PBXResourcesBuildPhase section */

/* Begin PBXSourcesBuildPhase section */
		1E9658DA1C67CBD100C5BFCF /* Sources */ = {
			isa = PBXSourcesBuildPhase;
			buildActionMask = 2147483647;
			files = (
				1EC929FC1C6A516900B2DEF0 /* CreateViewController.swift in Sources */,
				1E9658E41C67CBD100C5BFCF /* ViewController.swift in Sources */,
				1E9659101C67CCEB00C5BFCF /* Common.swift in Sources */,
				1E1AD7001C6ABFBF008AB670 /* IntroNavigationController.swift in Sources */,
				1E9658E21C67CBD100C5BFCF /* AppDelegate.swift in Sources */,
				1E2F60AF1C6908FE0005C58E /* ConversationsViewController.swift in Sources */,
				1E2F60AB1C68FA570005C58E /* WelcomeViewController.swift in Sources */,
				1E2F60AD1C6907630005C58E /* TimelineViewController.swift in Sources */,
				1E9659151C67D71B00C5BFCF /* LoginViewController.swift in Sources */,
				1E9659121C67CD6A00C5BFCF /* IntroViewController.swift in Sources */,
				1E2F60B11C6909080005C58E /* SettingsViewController.swift in Sources */,
			);
			runOnlyForDeploymentPostprocessing = 0;
		};
		1E9658EE1C67CBD200C5BFCF /* Sources */ = {
			isa = PBXSourcesBuildPhase;
			buildActionMask = 2147483647;
			files = (
				1E9658F71C67CBD200C5BFCF /* Week2CarouselTests.swift in Sources */,
			);
			runOnlyForDeploymentPostprocessing = 0;
		};
		1E9658F91C67CBD200C5BFCF /* Sources */ = {
			isa = PBXSourcesBuildPhase;
			buildActionMask = 2147483647;
			files = (
				1E9659021C67CBD200C5BFCF /* Week2CarouselUITests.swift in Sources */,
			);
			runOnlyForDeploymentPostprocessing = 0;
		};
/* End PBXSourcesBuildPhase section */

/* Begin PBXTargetDependency section */
		1E9658F41C67CBD200C5BFCF /* PBXTargetDependency */ = {
			isa = PBXTargetDependency;
			target = 1E9658DD1C67CBD100C5BFCF /* Week2Carousel */;
			targetProxy = 1E9658F31C67CBD200C5BFCF /* PBXContainerItemProxy */;
		};
		1E9658FF1C67CBD200C5BFCF /* PBXTargetDependency */ = {
			isa = PBXTargetDependency;
			target = 1E9658DD1C67CBD100C5BFCF /* Week2Carousel */;
			targetProxy = 1E9658FE1C67CBD200C5BFCF /* PBXContainerItemProxy */;
		};
/* End PBXTargetDependency section */

/* Begin PBXVariantGroup section */
		1E9658E51C67CBD100C5BFCF /* Main.storyboard */ = {
			isa = PBXVariantGroup;
			children = (
				1E9658E61C67CBD100C5BFCF /* Base */,
			);
			name = Main.storyboard;
			sourceTree = "<group>";
		};
		1E9658EA1C67CBD100C5BFCF /* LaunchScreen.storyboard */ = {
			isa = PBXVariantGroup;
			children = (
				1E9658EB1C67CBD100C5BFCF /* Base */,
			);
			name = LaunchScreen.storyboard;
			sourceTree = "<group>";
		};
/* End PBXVariantGroup section */

/* Begin XCBuildConfiguration section */
		1E9659041C67CBD200C5BFCF /* Debug */ = {
			isa = XCBuildConfiguration;
			buildSettings = {
				ALWAYS_SEARCH_USER_PATHS = NO;
				CLANG_CXX_LANGUAGE_STANDARD = "gnu++0x";
				CLANG_CXX_LIBRARY = "libc++";
				CLANG_ENABLE_MODULES = YES;
				CLANG_ENABLE_OBJC_ARC = YES;
				CLANG_WARN_BOOL_CONVERSION = YES;
				CLANG_WARN_CONSTANT_CONVERSION = YES;
				CLANG_WARN_DIRECT_OBJC_ISA_USAGE = YES_ERROR;
				CLANG_WARN_EMPTY_BODY = YES;
				CLANG_WARN_ENUM_CONVERSION = YES;
				CLANG_WARN_INT_CONVERSION = YES;
				CLANG_WARN_OBJC_ROOT_CLASS = YES_ERROR;
				CLANG_WARN_UNREACHABLE_CODE = YES;
				CLANG_WARN__DUPLICATE_METHOD_MATCH = YES;
				"CODE_SIGN_IDENTITY[sdk=iphoneos*]" = "iPhone Developer";
				COPY_PHASE_STRIP = NO;
				DEBUG_INFORMATION_FORMAT = dwarf;
				ENABLE_STRICT_OBJC_MSGSEND = YES;
				ENABLE_TESTABILITY = YES;
				GCC_C_LANGUAGE_STANDARD = gnu99;
				GCC_DYNAMIC_NO_PIC = NO;
				GCC_NO_COMMON_BLOCKS = YES;
				GCC_OPTIMIZATION_LEVEL = 0;
				GCC_PREPROCESSOR_DEFINITIONS = (
					"DEBUG=1",
					"$(inherited)",
				);
				GCC_WARN_64_TO_32_BIT_CONVERSION = YES;
				GCC_WARN_ABOUT_RETURN_TYPE = YES_ERROR;
				GCC_WARN_UNDECLARED_SELECTOR = YES;
				GCC_WARN_UNINITIALIZED_AUTOS = YES_AGGRESSIVE;
				GCC_WARN_UNUSED_FUNCTION = YES;
				GCC_WARN_UNUSED_VARIABLE = YES;
				IPHONEOS_DEPLOYMENT_TARGET = 9.2;
				MTL_ENABLE_DEBUG_INFO = YES;
				ONLY_ACTIVE_ARCH = YES;
				SDKROOT = iphoneos;
				SWIFT_OPTIMIZATION_LEVEL = "-Onone";
				TARGETED_DEVICE_FAMILY = "1,2";
			};
			name = Debug;
		};
		1E9659051C67CBD200C5BFCF /* Release */ = {
			isa = XCBuildConfiguration;
			buildSettings = {
				ALWAYS_SEARCH_USER_PATHS = NO;
				CLANG_CXX_LANGUAGE_STANDARD = "gnu++0x";
				CLANG_CXX_LIBRARY = "libc++";
				CLANG_ENABLE_MODULES = YES;
				CLANG_ENABLE_OBJC_ARC = YES;
				CLANG_WARN_BOOL_CONVERSION = YES;
				CLANG_WARN_CONSTANT_CONVERSION = YES;
				CLANG_WARN_DIRECT_OBJC_ISA_USAGE = YES_ERROR;
				CLANG_WARN_EMPTY_BODY = YES;
				CLANG_WARN_ENUM_CONVERSION = YES;
				CLANG_WARN_INT_CONVERSION = YES;
				CLANG_WARN_OBJC_ROOT_CLASS = YES_ERROR;
				CLANG_WARN_UNREACHABLE_CODE = YES;
				CLANG_WARN__DUPLICATE_METHOD_MATCH = YES;
				"CODE_SIGN_IDENTITY[sdk=iphoneos*]" = "iPhone Developer";
				COPY_PHASE_STRIP = NO;
				DEBUG_INFORMATION_FORMAT = "dwarf-with-dsym";
				ENABLE_NS_ASSERTIONS = NO;
				ENABLE_STRICT_OBJC_MSGSEND = YES;
				GCC_C_LANGUAGE_STANDARD = gnu99;
				GCC_NO_COMMON_BLOCKS = YES;
				GCC_WARN_64_TO_32_BIT_CONVERSION = YES;
				GCC_WARN_ABOUT_RETURN_TYPE = YES_ERROR;
				GCC_WARN_UNDECLARED_SELECTOR = YES;
				GCC_WARN_UNINITIALIZED_AUTOS = YES_AGGRESSIVE;
				GCC_WARN_UNUSED_FUNCTION = YES;
				GCC_WARN_UNUSED_VARIABLE = YES;
				IPHONEOS_DEPLOYMENT_TARGET = 9.2;
				MTL_ENABLE_DEBUG_INFO = NO;
				SDKROOT = iphoneos;
				TARGETED_DEVICE_FAMILY = "1,2";
				VALIDATE_PRODUCT = YES;
			};
			name = Release;
		};
		1E9659071C67CBD200C5BFCF /* Debug */ = {
			isa = XCBuildConfiguration;
			buildSettings = {
				ASSETCATALOG_COMPILER_APPICON_NAME = AppIcon;
				INFOPLIST_FILE = Week2Carousel/Info.plist;
				LD_RUNPATH_SEARCH_PATHS = "$(inherited) @executable_path/Frameworks";
				PRODUCT_BUNDLE_IDENTIFIER = CodePath.Week2Carousel;
				PRODUCT_NAME = "$(TARGET_NAME)";
			};
			name = Debug;
		};
		1E9659081C67CBD200C5BFCF /* Release */ = {
			isa = XCBuildConfiguration;
			buildSettings = {
				ASSETCATALOG_COMPILER_APPICON_NAME = AppIcon;
				INFOPLIST_FILE = Week2Carousel/Info.plist;
				LD_RUNPATH_SEARCH_PATHS = "$(inherited) @executable_path/Frameworks";
				PRODUCT_BUNDLE_IDENTIFIER = CodePath.Week2Carousel;
				PRODUCT_NAME = "$(TARGET_NAME)";
			};
			name = Release;
		};
		1E96590A1C67CBD200C5BFCF /* Debug */ = {
			isa = XCBuildConfiguration;
			buildSettings = {
				BUNDLE_LOADER = "$(TEST_HOST)";
				INFOPLIST_FILE = Week2CarouselTests/Info.plist;
				LD_RUNPATH_SEARCH_PATHS = "$(inherited) @executable_path/Frameworks @loader_path/Frameworks";
				PRODUCT_BUNDLE_IDENTIFIER = CodePath.Week2CarouselTests;
				PRODUCT_NAME = "$(TARGET_NAME)";
				TEST_HOST = "$(BUILT_PRODUCTS_DIR)/Week2Carousel.app/Week2Carousel";
			};
			name = Debug;
		};
		1E96590B1C67CBD200C5BFCF /* Release */ = {
			isa = XCBuildConfiguration;
			buildSettings = {
				BUNDLE_LOADER = "$(TEST_HOST)";
				INFOPLIST_FILE = Week2CarouselTests/Info.plist;
				LD_RUNPATH_SEARCH_PATHS = "$(inherited) @executable_path/Frameworks @loader_path/Frameworks";
				PRODUCT_BUNDLE_IDENTIFIER = CodePath.Week2CarouselTests;
				PRODUCT_NAME = "$(TARGET_NAME)";
				TEST_HOST = "$(BUILT_PRODUCTS_DIR)/Week2Carousel.app/Week2Carousel";
			};
			name = Release;
		};
		1E96590D1C67CBD200C5BFCF /* Debug */ = {
			isa = XCBuildConfiguration;
			buildSettings = {
				INFOPLIST_FILE = Week2CarouselUITests/Info.plist;
				LD_RUNPATH_SEARCH_PATHS = "$(inherited) @executable_path/Frameworks @loader_path/Frameworks";
				PRODUCT_BUNDLE_IDENTIFIER = CodePath.Week2CarouselUITests;
				PRODUCT_NAME = "$(TARGET_NAME)";
				TEST_TARGET_NAME = Week2Carousel;
				USES_XCTRUNNER = YES;
			};
			name = Debug;
		};
		1E96590E1C67CBD200C5BFCF /* Release */ = {
			isa = XCBuildConfiguration;
			buildSettings = {
				INFOPLIST_FILE = Week2CarouselUITests/Info.plist;
				LD_RUNPATH_SEARCH_PATHS = "$(inherited) @executable_path/Frameworks @loader_path/Frameworks";
				PRODUCT_BUNDLE_IDENTIFIER = CodePath.Week2CarouselUITests;
				PRODUCT_NAME = "$(TARGET_NAME)";
				TEST_TARGET_NAME = Week2Carousel;
				USES_XCTRUNNER = YES;
			};
			name = Release;
		};
/* End XCBuildConfiguration section */

/* Begin XCConfigurationList section */
		1E9658D91C67CBD100C5BFCF /* Build configuration list for PBXProject "Week2Carousel" */ = {
			isa = XCConfigurationList;
			buildConfigurations = (
				1E9659041C67CBD200C5BFCF /* Debug */,
				1E9659051C67CBD200C5BFCF /* Release */,
			);
			defaultConfigurationIsVisible = 0;
			defaultConfigurationName = Release;
		};
		1E9659061C67CBD200C5BFCF /* Build configuration list for PBXNativeTarget "Week2Carousel" */ = {
			isa = XCConfigurationList;
			buildConfigurations = (
				1E9659071C67CBD200C5BFCF /* Debug */,
				1E9659081C67CBD200C5BFCF /* Release */,
			);
			defaultConfigurationIsVisible = 0;
			defaultConfigurationName = Release;
		};
		1E9659091C67CBD200C5BFCF /* Build configuration list for PBXNativeTarget "Week2CarouselTests" */ = {
			isa = XCConfigurationList;
			buildConfigurations = (
				1E96590A1C67CBD200C5BFCF /* Debug */,
				1E96590B1C67CBD200C5BFCF /* Release */,
			);
			defaultConfigurationIsVisible = 0;
			defaultConfigurationName = Release;
		};
		1E96590C1C67CBD200C5BFCF /* Build configuration list for PBXNativeTarget "Week2CarouselUITests" */ = {
			isa = XCConfigurationList;
			buildConfigurations = (
				1E96590D1C67CBD200C5BFCF /* Debug */,
				1E96590E1C67CBD200C5BFCF /* Release */,
			);
			defaultConfigurationIsVisible = 0;
			defaultConfigurationName = Release;
		};
/* End XCConfigurationList section */
	};
	rootObject = 1E9658D61C67CBD100C5BFCF /* Project object */;
}
